
Microsoft Visual Studio Solution File, Format Version 12.00
# Visual Studio 15
VisualStudioVersion = 15.0.28010.2048
MinimumVisualStudioVersion = 10.0.40219.1
Project("{FAE04EC0-301F-11D3-BF4B-00C04F79EFBC}") = "ManageUsers", "ManageUsers\ManageUsers.csproj", "{55652378-E15B-4F33-A1B9-11664F7DD129}"
EndProject
Project("{FAE04EC0-301F-11D3-BF4B-00C04F79EFBC}") = "ManageUsers.Web", "ManageUsers.Web\ManageUsers.Web.csproj", "{07D2AFB9-8782-49CC-827B-3F18EA2AB275}"
EndProject
Global
	GlobalSection(SolutionConfigurationPlatforms) = preSolution
		Debug|Any CPU = Debug|Any CPU
		Release|Any CPU = Release|Any CPU
	EndGlobalSection
	GlobalSection(ProjectConfigurationPlatforms) = postSolution
		{55652378-E15B-4F33-A1B9-11664F7DD129}.Debug|Any CPU.ActiveCfg = Debug|Any CPU
		{55652378-E15B-4F33-A1B9-11664F7DD129}.Debug|Any CPU.Build.0 = Debug|Any CPU
		{55652378-E15B-4F33-A1B9-11664F7DD129}.Release|Any CPU.ActiveCfg = Release|Any CPU
		{55652378-E15B-4F33-A1B9-11664F7DD129}.Release|Any CPU.Build.0 = Release|Any CPU
		{07D2AFB9-8782-49CC-827B-3F18EA2AB275}.Debug|Any CPU.ActiveCfg = Debug|Any CPU
		{07D2AFB9-8782-49CC-827B-3F18EA2AB275}.Debug|Any CPU.Build.0 = Debug|Any CPU
		{07D2AFB9-8782-49CC-827B-3F18EA2AB275}.Release|Any CPU.ActiveCfg = Release|Any CPU
		{07D2AFB9-8782-49CC-827B-3F18EA2AB275}.Release|Any CPU.Build.0 = Release|Any CPU
	EndGlobalSection
	GlobalSection(SolutionProperties) = preSolution
		HideSolutionNode = FALSE
	EndGlobalSection
	GlobalSection(ExtensibilityGlobals) = postSolution
		SolutionGuid = {D5436219-96DB-4C95-9038-DC528D88A73B}
	EndGlobalSection
EndGlobal
